
Microsoft Visual Studio Solution File, Format Version 12.00
# Visual Studio Version 17
VisualStudioVersion = 17.4.33122.133
MinimumVisualStudioVersion = 10.0.40219.1
Project("{FAE04EC0-301F-11D3-BF4B-00C04F79EFBC}") = "DataBaseForms", "DataBaseForms\DataBaseForms.csproj", "{3FC534EA-4C91-4274-8889-0E2F0B4910B5}"
EndProject
Global
	GlobalSection(SolutionConfigurationPlatforms) = preSolution
		Debug|Any CPU = Debug|Any CPU
		Release|Any CPU = Release|Any CPU
	EndGlobalSection
	GlobalSection(ProjectConfigurationPlatforms) = postSolution
		{3FC534EA-4C91-4274-8889-0E2F0B4910B5}.Debug|Any CPU.ActiveCfg = Debug|Any CPU
		{3FC534EA-4C91-4274-8889-0E2F0B4910B5}.Debug|Any CPU.Build.0 = Debug|Any CPU
		{3FC534EA-4C91-4274-8889-0E2F0B4910B5}.Release|Any CPU.ActiveCfg = Release|Any CPU
		{3FC534EA-4C91-4274-8889-0E2F0B4910B5}.Release|Any CPU.Build.0 = Release|Any CPU
	EndGlobalSection
	GlobalSection(SolutionProperties) = preSolution
		HideSolutionNode = FALSE
	EndGlobalSection
	GlobalSection(ExtensibilityGlobals) = postSolution
		SolutionGuid = {AA23618E-9975-4147-8F57-5743198271F3}
	EndGlobalSection
EndGlobal
